
Microsoft Visual Studio Solution File, Format Version 12.00
# Visual Studio Version 17
VisualStudioVersion = 17.4.33205.214
MinimumVisualStudioVersion = 10.0.40219.1
Project("{FAE04EC0-301F-11D3-BF4B-00C04F79EFBC}") = "FibonacciTask", "FibonacciTask.csproj", "{3C1803EA-DAA4-48E9-A777-305556FB1119}"
EndProject
Global
	GlobalSection(SolutionConfigurationPlatforms) = preSolution
		Debug|Any CPU = Debug|Any CPU
		Release|Any CPU = Release|Any CPU
	EndGlobalSection
	GlobalSection(ProjectConfigurationPlatforms) = postSolution
		{3C1803EA-DAA4-48E9-A777-305556FB1119}.Debug|Any CPU.ActiveCfg = Debug|Any CPU
		{3C1803EA-DAA4-48E9-A777-305556FB1119}.Debug|Any CPU.Build.0 = Debug|Any CPU
		{3C1803EA-DAA4-48E9-A777-305556FB1119}.Release|Any CPU.ActiveCfg = Release|Any CPU
		{3C1803EA-DAA4-48E9-A777-305556FB1119}.Release|Any CPU.Build.0 = Release|Any CPU
	EndGlobalSection
	GlobalSection(SolutionProperties) = preSolution
		HideSolutionNode = FALSE
	EndGlobalSection
	GlobalSection(ExtensibilityGlobals) = postSolution
		SolutionGuid = {E710B334-E6DB-4698-BB5D-A1EEFB95281F}
	EndGlobalSection
EndGlobal
